
Microsoft Visual Studio Solution File, Format Version 12.00
# Visual Studio 15
VisualStudioVersion = 15.0.28010.2036
MinimumVisualStudioVersion = 10.0.40219.1
Project("{FAE04EC0-301F-11D3-BF4B-00C04F79EFBC}") = "DevBuild.SquaresAndCubes", "DevBuild.SquaresAndCubes\DevBuild.SquaresAndCubes.csproj", "{09CF1518-FCAB-4E20-B913-8961844FAD94}"
EndProject
Global
	GlobalSection(SolutionConfigurationPlatforms) = preSolution
		Debug|Any CPU = Debug|Any CPU
		Release|Any CPU = Release|Any CPU
	EndGlobalSection
	GlobalSection(ProjectConfigurationPlatforms) = postSolution
		{09CF1518-FCAB-4E20-B913-8961844FAD94}.Debug|Any CPU.ActiveCfg = Debug|Any CPU
		{09CF1518-FCAB-4E20-B913-8961844FAD94}.Debug|Any CPU.Build.0 = Debug|Any CPU
		{09CF1518-FCAB-4E20-B913-8961844FAD94}.Release|Any CPU.ActiveCfg = Release|Any CPU
		{09CF1518-FCAB-4E20-B913-8961844FAD94}.Release|Any CPU.Build.0 = Release|Any CPU
	EndGlobalSection
	GlobalSection(SolutionProperties) = preSolution
		HideSolutionNode = FALSE
	EndGlobalSection
	GlobalSection(ExtensibilityGlobals) = postSolution
		SolutionGuid = {B2B61C5B-217B-480E-B412-C6C34308F5A5}
	EndGlobalSection
EndGlobal
